// !$*UTF8*$!
{
	archiveVersion = 1;
	classes = {
	};
	objectVersion = 50;
	objects = {

/* Begin PBXBuildFile section */
		DC13ABC425AED7E30045E8FA /* AppDelegate.swift in Sources */ = {isa = PBXBuildFile; fileRef = DC13ABC325AED7E30045E8FA /* AppDelegate.swift */; };
		DC13ABCB25AED7E30045E8FA /* Main.storyboard in Resources */ = {isa = PBXBuildFile; fileRef = DC13ABC925AED7E30045E8FA /* Main.storyboard */; };
		DC13ABCE25AED7E40045E8FA /* ESIREM.xcdatamodeld in Sources */ = {isa = PBXBuildFile; fileRef = DC13ABCC25AED7E40045E8FA /* ESIREM.xcdatamodeld */; };
		DC13ABD025AED8010045E8FA /* Assets.xcassets in Resources */ = {isa = PBXBuildFile; fileRef = DC13ABCF25AED8010045E8FA /* Assets.xcassets */; };
		DC13ABD325AED8010045E8FA /* LaunchScreen.storyboard in Resources */ = {isa = PBXBuildFile; fileRef = DC13ABD125AED8010045E8FA /* LaunchScreen.storyboard */; };
		DC13ABDD25AEE1E10045E8FA /* Note.swift in Sources */ = {isa = PBXBuildFile; fileRef = DC13ABDC25AEE1E10045E8FA /* Note.swift */; };
		DC13ABE125AEE20B0045E8FA /* Etudiant.swift in Sources */ = {isa = PBXBuildFile; fileRef = DC13ABE025AEE20B0045E8FA /* Etudiant.swift */; };
		DC13ABE425AEE2150045E8FA /* Seance.swift in Sources */ = {isa = PBXBuildFile; fileRef = DC13ABE325AEE2150045E8FA /* Seance.swift */; };
		DC13ABE725AEE2200045E8FA /* Semestre.swift in Sources */ = {isa = PBXBuildFile; fileRef = DC13ABE625AEE2200045E8FA /* Semestre.swift */; };
		DC13ABEA25AEE22A0045E8FA /* Matiere.swift in Sources */ = {isa = PBXBuildFile; fileRef = DC13ABE925AEE22A0045E8FA /* Matiere.swift */; };
		DC13ABED25AEE2370045E8FA /* Cursus.swift in Sources */ = {isa = PBXBuildFile; fileRef = DC13ABEC25AEE2370045E8FA /* Cursus.swift */; };
		DC13ABF025AEE2490045E8FA /* Examen.swift in Sources */ = {isa = PBXBuildFile; fileRef = DC13ABEF25AEE2490045E8FA /* Examen.swift */; };
		DC13ABF325AEE3990045E8FA /* Facade.swift in Sources */ = {isa = PBXBuildFile; fileRef = DC13ABF225AEE3990045E8FA /* Facade.swift */; };
		DC3CCF8D25B31C3100538D30 /* SceneDelegate.swift in Sources */ = {isa = PBXBuildFile; fileRef = DC3CCF8C25B31C3100538D30 /* SceneDelegate.swift */; };
		DC3CCF9025B3220400538D30 /* MatiereNoteListViewController.swift in Sources */ = {isa = PBXBuildFile; fileRef = DC3CCF8F25B3220400538D30 /* MatiereNoteListViewController.swift */; };
		DC52445925B1F65E008CD9D6 /* EtudiantNoteListViewController.swift in Sources */ = {isa = PBXBuildFile; fileRef = DC52445825B1F65E008CD9D6 /* EtudiantNoteListViewController.swift */; };
		DC5B8EFE25B6217700C79F1D /* LoginViewController.swift in Sources */ = {isa = PBXBuildFile; fileRef = DC5B8EFD25B6217700C79F1D /* LoginViewController.swift */; };
		DC5B8F0125B6DDDB00C79F1D /* HomeViewController.swift in Sources */ = {isa = PBXBuildFile; fileRef = DC5B8F0025B6DDDB00C79F1D /* HomeViewController.swift */; };
		DC9F95D825BB2722003A7F23 /* DossierViewController.swift in Sources */ = {isa = PBXBuildFile; fileRef = DC9F95D725BB2722003A7F23 /* DossierViewController.swift */; };
/* End PBXBuildFile section */

/* Begin PBXFileReference section */
		DC13ABC025AED7E30045E8FA /* ESIREM.app */ = {isa = PBXFileReference; explicitFileType = wrapper.application; includeInIndex = 0; path = ESIREM.app; sourceTree = BUILT_PRODUCTS_DIR; };
		DC13ABC325AED7E30045E8FA /* AppDelegate.swift */ = {isa = PBXFileReference; lastKnownFileType = sourcecode.swift; path = AppDelegate.swift; sourceTree = "<group>"; };
		DC13ABCA25AED7E30045E8FA /* Base */ = {isa = PBXFileReference; lastKnownFileType = file.storyboard; name = Base; path = Base.lproj/Main.storyboard; sourceTree = "<group>"; };
		DC13ABCD25AED7E40045E8FA /* ESIREM.xcdatamodel */ = {isa = PBXFileReference; lastKnownFileType = wrapper.xcdatamodel; path = ESIREM.xcdatamodel; sourceTree = "<group>"; };
		DC13ABCF25AED8010045E8FA /* Assets.xcassets */ = {isa = PBXFileReference; lastKnownFileType = folder.assetcatalog; path = Assets.xcassets; sourceTree = "<group>"; };
		DC13ABD225AED8010045E8FA /* Base */ = {isa = PBXFileReference; lastKnownFileType = file.storyboard; name = Base; path = Base.lproj/LaunchScreen.storyboard; sourceTree = "<group>"; };
		DC13ABD425AED8010045E8FA /* Info.plist */ = {isa = PBXFileReference; lastKnownFileType = text.plist.xml; path = Info.plist; sourceTree = "<group>"; };
		DC13ABDC25AEE1E10045E8FA /* Note.swift */ = {isa = PBXFileReference; lastKnownFileType = sourcecode.swift; path = Note.swift; sourceTree = "<group>"; };
		DC13ABE025AEE20B0045E8FA /* Etudiant.swift */ = {isa = PBXFileReference; lastKnownFileType = sourcecode.swift; path = Etudiant.swift; sourceTree = "<group>"; };
		DC13ABE325AEE2150045E8FA /* Seance.swift */ = {isa = PBXFileReference; lastKnownFileType = sourcecode.swift; path = Seance.swift; sourceTree = "<group>"; };
		DC13ABE625AEE2200045E8FA /* Semestre.swift */ = {isa = PBXFileReference; lastKnownFileType = sourcecode.swift; path = Semestre.swift; sourceTree = "<group>"; };
		DC13ABE925AEE22A0045E8FA /* Matiere.swift */ = {isa = PBXFileReference; lastKnownFileType = sourcecode.swift; path = Matiere.swift; sourceTree = "<group>"; };
		DC13ABEC25AEE2370045E8FA /* Cursus.swift */ = {isa = PBXFileReference; lastKnownFileType = sourcecode.swift; path = Cursus.swift; sourceTree = "<group>"; };
		DC13ABEF25AEE2490045E8FA /* Examen.swift */ = {isa = PBXFileReference; lastKnownFileType = sourcecode.swift; path = Examen.swift; sourceTree = "<group>"; };
		DC13ABF225AEE3990045E8FA /* Facade.swift */ = {isa = PBXFileReference; lastKnownFileType = sourcecode.swift; path = Facade.swift; sourceTree = "<group>"; };
		DC3CCF8C25B31C3100538D30 /* SceneDelegate.swift */ = {isa = PBXFileReference; fileEncoding = 4; lastKnownFileType = sourcecode.swift; path = SceneDelegate.swift; sourceTree = "<group>"; };
		DC3CCF8F25B3220400538D30 /* MatiereNoteListViewController.swift */ = {isa = PBXFileReference; lastKnownFileType = sourcecode.swift; path = MatiereNoteListViewController.swift; sourceTree = "<group>"; };
		DC52445825B1F65E008CD9D6 /* EtudiantNoteListViewController.swift */ = {isa = PBXFileReference; lastKnownFileType = sourcecode.swift; path = EtudiantNoteListViewController.swift; sourceTree = "<group>"; };
		DC5B8EFD25B6217700C79F1D /* LoginViewController.swift */ = {isa = PBXFileReference; lastKnownFileType = sourcecode.swift; path = LoginViewController.swift; sourceTree = "<group>"; };
		DC5B8F0025B6DDDB00C79F1D /* HomeViewController.swift */ = {isa = PBXFileReference; lastKnownFileType = sourcecode.swift; path = HomeViewController.swift; sourceTree = "<group>"; };
		DC9F95D725BB2722003A7F23 /* DossierViewController.swift */ = {isa = PBXFileReference; lastKnownFileType = sourcecode.swift; path = DossierViewController.swift; sourceTree = "<group>"; };
/* End PBXFileReference section */

/* Begin PBXFrameworksBuildPhase section */
		DC13ABBD25AED7E30045E8FA /* Frameworks */ = {
			isa = PBXFrameworksBuildPhase;
			buildActionMask = 2147483647;
			files = (
			);
			runOnlyForDeploymentPostprocessing = 0;
		};
/* End PBXFrameworksBuildPhase section */

/* Begin PBXGroup section */
		DC13ABB725AED7E30045E8FA = {
			isa = PBXGroup;
			children = (
				DC13ABC225AED7E30045E8FA /* ESIREM */,
				DC13ABC125AED7E30045E8FA /* Products */,
			);
			sourceTree = "<group>";
		};
		DC13ABC125AED7E30045E8FA /* Products */ = {
			isa = PBXGroup;
			children = (
				DC13ABC025AED7E30045E8FA /* ESIREM.app */,
			);
			name = Products;
			sourceTree = "<group>";
		};
		DC13ABC225AED7E30045E8FA /* ESIREM */ = {
			isa = PBXGroup;
			children = (
				DC3CCF8C25B31C3100538D30 /* SceneDelegate.swift */,
				DC52445725B1F61C008CD9D6 /* ViewControllers */,
				DC13ABDB25AEE1B70045E8FA /* CoreData */,
				DC13ABC325AED7E30045E8FA /* AppDelegate.swift */,
				DC13ABC925AED7E30045E8FA /* Main.storyboard */,
				DC13ABCF25AED8010045E8FA /* Assets.xcassets */,
				DC13ABD125AED8010045E8FA /* LaunchScreen.storyboard */,
				DC13ABD425AED8010045E8FA /* Info.plist */,
				DC13ABCC25AED7E40045E8FA /* ESIREM.xcdatamodeld */,
			);
			path = ESIREM;
			sourceTree = "<group>";
		};
		DC13ABDB25AEE1B70045E8FA /* CoreData */ = {
			isa = PBXGroup;
			children = (
				DC13ABF225AEE3990045E8FA /* Facade.swift */,
				DC13ABDC25AEE1E10045E8FA /* Note.swift */,
				DC13ABE325AEE2150045E8FA /* Seance.swift */,
				DC13ABE925AEE22A0045E8FA /* Matiere.swift */,
				DC13ABEF25AEE2490045E8FA /* Examen.swift */,
				DC13ABE025AEE20B0045E8FA /* Etudiant.swift */,
				DC13ABE625AEE2200045E8FA /* Semestre.swift */,
				DC13ABEC25AEE2370045E8FA /* Cursus.swift */,
			);
			path = CoreData;
			sourceTree = "<group>";
		};
		DC52445725B1F61C008CD9D6 /* ViewControllers */ = {
			isa = PBXGroup;
			children = (
				DC52445825B1F65E008CD9D6 /* EtudiantNoteListViewController.swift */,
				DC3CCF8F25B3220400538D30 /* MatiereNoteListViewController.swift */,
				DC5B8EFD25B6217700C79F1D /* LoginViewController.swift */,
				DC5B8F0025B6DDDB00C79F1D /* HomeViewController.swift */,
				DC9F95D725BB2722003A7F23 /* DossierViewController.swift */,
			);
			path = ViewControllers;
			sourceTree = "<group>";
		};
/* End PBXGroup section */

/* Begin PBXNativeTarget section */
		DC13ABBF25AED7E30045E8FA /* ESIREM */ = {
			isa = PBXNativeTarget;
			buildConfigurationList = DC13ABD725AED8010045E8FA /* Build configuration list for PBXNativeTarget "ESIREM" */;
			buildPhases = (
				DC13ABBC25AED7E30045E8FA /* Sources */,
				DC13ABBD25AED7E30045E8FA /* Frameworks */,
				DC13ABBE25AED7E30045E8FA /* Resources */,
			);
			buildRules = (
			);
			dependencies = (
			);
			name = ESIREM;
			productName = ESIREM;
			productReference = DC13ABC025AED7E30045E8FA /* ESIREM.app */;
			productType = "com.apple.product-type.application";
		};
/* End PBXNativeTarget section */

/* Begin PBXProject section */
		DC13ABB825AED7E30045E8FA /* Project object */ = {
			isa = PBXProject;
			attributes = {
				LastSwiftUpdateCheck = 1230;
				LastUpgradeCheck = 1230;
				TargetAttributes = {
					DC13ABBF25AED7E30045E8FA = {
						CreatedOnToolsVersion = 12.3;
					};
				};
			};
			buildConfigurationList = DC13ABBB25AED7E30045E8FA /* Build configuration list for PBXProject "ESIREM" */;
			compatibilityVersion = "Xcode 9.3";
			developmentRegion = en;
			hasScannedForEncodings = 0;
			knownRegions = (
				en,
				Base,
			);
			mainGroup = DC13ABB725AED7E30045E8FA;
			productRefGroup = DC13ABC125AED7E30045E8FA /* Products */;
			projectDirPath = "";
			projectRoot = "";
			targets = (
				DC13ABBF25AED7E30045E8FA /* ESIREM */,
			);
		};
/* End PBXProject section */

/* Begin PBXResourcesBuildPhase section */
		DC13ABBE25AED7E30045E8FA /* Resources */ = {
			isa = PBXResourcesBuildPhase;
			buildActionMask = 2147483647;
			files = (
				DC13ABD325AED8010045E8FA /* LaunchScreen.storyboard in Resources */,
				DC13ABD025AED8010045E8FA /* Assets.xcassets in Resources */,
				DC13ABCB25AED7E30045E8FA /* Main.storyboard in Resources */,
			);
			runOnlyForDeploymentPostprocessing = 0;
		};
/* End PBXResourcesBuildPhase section */

/* Begin PBXSourcesBuildPhase section */
		DC13ABBC25AED7E30045E8FA /* Sources */ = {
			isa = PBXSourcesBuildPhase;
			buildActionMask = 2147483647;
			files = (
				DC5B8EFE25B6217700C79F1D /* LoginViewController.swift in Sources */,
				DC13ABDD25AEE1E10045E8FA /* Note.swift in Sources */,
				DC52445925B1F65E008CD9D6 /* EtudiantNoteListViewController.swift in Sources */,
				DC13ABE725AEE2200045E8FA /* Semestre.swift in Sources */,
				DC13ABCE25AED7E40045E8FA /* ESIREM.xcdatamodeld in Sources */,
				DC5B8F0125B6DDDB00C79F1D /* HomeViewController.swift in Sources */,
				DC13ABF325AEE3990045E8FA /* Facade.swift in Sources */,
				DC13ABE425AEE2150045E8FA /* Seance.swift in Sources */,
				DC13ABEA25AEE22A0045E8FA /* Matiere.swift in Sources */,
				DC3CCF9025B3220400538D30 /* MatiereNoteListViewController.swift in Sources */,
				DC13ABC425AED7E30045E8FA /* AppDelegate.swift in Sources */,
				DC13ABED25AEE2370045E8FA /* Cursus.swift in Sources */,
				DC13ABF025AEE2490045E8FA /* Examen.swift in Sources */,
				DC13ABE125AEE20B0045E8FA /* Etudiant.swift in Sources */,
				DC9F95D825BB2722003A7F23 /* DossierViewController.swift in Sources */,
				DC3CCF8D25B31C3100538D30 /* SceneDelegate.swift in Sources */,
			);
			runOnlyForDeploymentPostprocessing = 0;
		};
/* End PBXSourcesBuildPhase section */

/* Begin PBXVariantGroup section */
		DC13ABC925AED7E30045E8FA /* Main.storyboard */ = {
			isa = PBXVariantGroup;
			children = (
				DC13ABCA25AED7E30045E8FA /* Base */,
			);
			name = Main.storyboard;
			sourceTree = "<group>";
		};
		DC13ABD125AED8010045E8FA /* LaunchScreen.storyboard */ = {
			isa = PBXVariantGroup;
			children = (
				DC13ABD225AED8010045E8FA /* Base */,
			);
			name = LaunchScreen.storyboard;
			sourceTree = "<group>";
		};
/* End PBXVariantGroup section */

/* Begin XCBuildConfiguration section */
		DC13ABD525AED8010045E8FA /* Debug */ = {
			isa = XCBuildConfiguration;
			buildSettings = {
				ALWAYS_SEARCH_USER_PATHS = NO;
				CLANG_ANALYZER_NONNULL = YES;
				CLANG_ANALYZER_NUMBER_OBJECT_CONVERSION = YES_AGGRESSIVE;
				CLANG_CXX_LANGUAGE_STANDARD = "gnu++14";
				CLANG_CXX_LIBRARY = "libc++";
				CLANG_ENABLE_MODULES = YES;
				CLANG_ENABLE_OBJC_ARC = YES;
				CLANG_ENABLE_OBJC_WEAK = YES;
				CLANG_WARN_BLOCK_CAPTURE_AUTORELEASING = YES;
				CLANG_WARN_BOOL_CONVERSION = YES;
				CLANG_WARN_COMMA = YES;
				CLANG_WARN_CONSTANT_CONVERSION = YES;
				CLANG_WARN_DEPRECATED_OBJC_IMPLEMENTATIONS = YES;
				CLANG_WARN_DIRECT_OBJC_ISA_USAGE = YES_ERROR;
				CLANG_WARN_DOCUMENTATION_COMMENTS = YES;
				CLANG_WARN_EMPTY_BODY = YES;
				CLANG_WARN_ENUM_CONVERSION = YES;
				CLANG_WARN_INFINITE_RECURSION = YES;
				CLANG_WARN_INT_CONVERSION = YES;
				CLANG_WARN_NON_LITERAL_NULL_CONVERSION = YES;
				CLANG_WARN_OBJC_IMPLICIT_RETAIN_SELF = YES;
				CLANG_WARN_OBJC_LITERAL_CONVERSION = YES;
				CLANG_WARN_OBJC_ROOT_CLASS = YES_ERROR;
				CLANG_WARN_QUOTED_INCLUDE_IN_FRAMEWORK_HEADER = YES;
				CLANG_WARN_RANGE_LOOP_ANALYSIS = YES;
				CLANG_WARN_STRICT_PROTOTYPES = YES;
				CLANG_WARN_SUSPICIOUS_MOVE = YES;
				CLANG_WARN_UNGUARDED_AVAILABILITY = YES_AGGRESSIVE;
				CLANG_WARN_UNREACHABLE_CODE = YES;
				CLANG_WARN__DUPLICATE_METHOD_MATCH = YES;
				COPY_PHASE_STRIP = NO;
				DEBUG_INFORMATION_FORMAT = dwarf;
				ENABLE_STRICT_OBJC_MSGSEND = YES;
				ENABLE_TESTABILITY = YES;
				GCC_C_LANGUAGE_STANDARD = gnu11;
				GCC_DYNAMIC_NO_PIC = NO;
				GCC_NO_COMMON_BLOCKS = YES;
				GCC_OPTIMIZATION_LEVEL = 0;
				GCC_PREPROCESSOR_DEFINITIONS = (
					"DEBUG=1",
					"$(inherited)",
				);
				GCC_WARN_64_TO_32_BIT_CONVERSION = YES;
				GCC_WARN_ABOUT_RETURN_TYPE = YES_ERROR;
				GCC_WARN_UNDECLARED_SELECTOR = YES;
				GCC_WARN_UNINITIALIZED_AUTOS = YES_AGGRESSIVE;
				GCC_WARN_UNUSED_FUNCTION = YES;
				GCC_WARN_UNUSED_VARIABLE = YES;
				IPHONEOS_DEPLOYMENT_TARGET = 14.3;
				MTL_ENABLE_DEBUG_INFO = INCLUDE_SOURCE;
				MTL_FAST_MATH = YES;
				ONLY_ACTIVE_ARCH = YES;
				SDKROOT = iphoneos;
				SWIFT_ACTIVE_COMPILATION_CONDITIONS = DEBUG;
				SWIFT_OPTIMIZATION_LEVEL = "-Onone";
			};
			name = Debug;
		};
		DC13ABD625AED8010045E8FA /* Release */ = {
			isa = XCBuildConfiguration;
			buildSettings = {
				ALWAYS_SEARCH_USER_PATHS = NO;
				CLANG_ANALYZER_NONNULL = YES;
				CLANG_ANALYZER_NUMBER_OBJECT_CONVERSION = YES_AGGRESSIVE;
				CLANG_CXX_LANGUAGE_STANDARD = "gnu++14";
				CLANG_CXX_LIBRARY = "libc++";
				CLANG_ENABLE_MODULES = YES;
				CLANG_ENABLE_OBJC_ARC = YES;
				CLANG_ENABLE_OBJC_WEAK = YES;
				CLANG_WARN_BLOCK_CAPTURE_AUTORELEASING = YES;
				CLANG_WARN_BOOL_CONVERSION = YES;
				CLANG_WARN_COMMA = YES;
				CLANG_WARN_CONSTANT_CONVERSION = YES;
				CLANG_WARN_DEPRECATED_OBJC_IMPLEMENTATIONS = YES;
				CLANG_WARN_DIRECT_OBJC_ISA_USAGE = YES_ERROR;
				CLANG_WARN_DOCUMENTATION_COMMENTS = YES;
				CLANG_WARN_EMPTY_BODY = YES;
				CLANG_WARN_ENUM_CONVERSION = YES;
				CLANG_WARN_INFINITE_RECURSION = YES;
				CLANG_WARN_INT_CONVERSION = YES;
				CLANG_WARN_NON_LITERAL_NULL_CONVERSION = YES;
				CLANG_WARN_OBJC_IMPLICIT_RETAIN_SELF = YES;
				CLANG_WARN_OBJC_LITERAL_CONVERSION = YES;
				CLANG_WARN_OBJC_ROOT_CLASS = YES_ERROR;
				CLANG_WARN_QUOTED_INCLUDE_IN_FRAMEWORK_HEADER = YES;
				CLANG_WARN_RANGE_LOOP_ANALYSIS = YES;
				CLANG_WARN_STRICT_PROTOTYPES = YES;
				CLANG_WARN_SUSPICIOUS_MOVE = YES;
				CLANG_WARN_UNGUARDED_AVAILABILITY = YES_AGGRESSIVE;
				CLANG_WARN_UNREACHABLE_CODE = YES;
				CLANG_WARN__DUPLICATE_METHOD_MATCH = YES;
				COPY_PHASE_STRIP = NO;
				DEBUG_INFORMATION_FORMAT = "dwarf-with-dsym";
				ENABLE_NS_ASSERTIONS = NO;
				ENABLE_STRICT_OBJC_MSGSEND = YES;
				GCC_C_LANGUAGE_STANDARD = gnu11;
				GCC_NO_COMMON_BLOCKS = YES;
				GCC_WARN_64_TO_32_BIT_CONVERSION = YES;
				GCC_WARN_ABOUT_RETURN_TYPE = YES_ERROR;
				GCC_WARN_UNDECLARED_SELECTOR = YES;
				GCC_WARN_UNINITIALIZED_AUTOS = YES_AGGRESSIVE;
				GCC_WARN_UNUSED_FUNCTION = YES;
				GCC_WARN_UNUSED_VARIABLE = YES;
				IPHONEOS_DEPLOYMENT_TARGET = 14.3;
				MTL_ENABLE_DEBUG_INFO = NO;
				MTL_FAST_MATH = YES;
				SDKROOT = iphoneos;
				SWIFT_COMPILATION_MODE = wholemodule;
				SWIFT_OPTIMIZATION_LEVEL = "-O";
				VALIDATE_PRODUCT = YES;
			};
			name = Release;
		};
		DC13ABD825AED8010045E8FA /* Debug */ = {
			isa = XCBuildConfiguration;
			buildSettings = {
				ASSETCATALOG_COMPILER_APPICON_NAME = AppIcon;
				ASSETCATALOG_COMPILER_GLOBAL_ACCENT_COLOR_NAME = AccentColor;
				CODE_SIGN_STYLE = Automatic;
				DEVELOPMENT_TEAM = 2M2E2N75N2;
				INFOPLIST_FILE = ESIREM/Info.plist;
				LD_RUNPATH_SEARCH_PATHS = (
					"$(inherited)",
					"@executable_path/Frameworks",
				);
				PRODUCT_BUNDLE_IDENTIFIER = Peter.ESIREM;
				PRODUCT_NAME = "$(TARGET_NAME)";
				SWIFT_VERSION = 5.0;
				TARGETED_DEVICE_FAMILY = 1;
			};
			name = Debug;
		};
		DC13ABD925AED8010045E8FA /* Release */ = {
			isa = XCBuildConfiguration;
			buildSettings = {
				ASSETCATALOG_COMPILER_APPICON_NAME = AppIcon;
				ASSETCATALOG_COMPILER_GLOBAL_ACCENT_COLOR_NAME = AccentColor;
				CODE_SIGN_STYLE = Automatic;
				DEVELOPMENT_TEAM = 2M2E2N75N2;
				INFOPLIST_FILE = ESIREM/Info.plist;
				LD_RUNPATH_SEARCH_PATHS = (
					"$(inherited)",
					"@executable_path/Frameworks",
				);
				PRODUCT_BUNDLE_IDENTIFIER = Peter.ESIREM;
				PRODUCT_NAME = "$(TARGET_NAME)";
				SWIFT_VERSION = 5.0;
				TARGETED_DEVICE_FAMILY = 1;
			};
			name = Release;
		};
/* End XCBuildConfiguration section */

/* Begin XCConfigurationList section */
		DC13ABBB25AED7E30045E8FA /* Build configuration list for PBXProject "ESIREM" */ = {
			isa = XCConfigurationList;
			buildConfigurations = (
				DC13ABD525AED8010045E8FA /* Debug */,
				DC13ABD625AED8010045E8FA /* Release */,
			);
			defaultConfigurationIsVisible = 0;
			defaultConfigurationName = Release;
		};
		DC13ABD725AED8010045E8FA /* Build configuration list for PBXNativeTarget "ESIREM" */ = {
			isa = XCConfigurationList;
			buildConfigurations = (
				DC13ABD825AED8010045E8FA /* Debug */,
				DC13ABD925AED8010045E8FA /* Release */,
			);
			defaultConfigurationIsVisible = 0;
			defaultConfigurationName = Release;
		};
/* End XCConfigurationList section */

/* Begin XCVersionGroup section */
		DC13ABCC25AED7E40045E8FA /* ESIREM.xcdatamodeld */ = {
			isa = XCVersionGroup;
			children = (
				DC13ABCD25AED7E40045E8FA /* ESIREM.xcdatamodel */,
			);
			currentVersion = DC13ABCD25AED7E40045E8FA /* ESIREM.xcdatamodel */;
			path = ESIREM.xcdatamodeld;
			sourceTree = "<group>";
			versionGroupType = wrapper.xcdatamodel;
		};
/* End XCVersionGroup section */
	};
	rootObject = DC13ABB825AED7E30045E8FA /* Project object */;
}
