{
  "object": {
    "pins": [
      {
        "package": "Hero",
        "repositoryURL": "https://github.com/HeroTransitions/hero.git",
        "state": {
          "branch": null,
          "revision": "ae951b89f23485de8a7b95aaa5cead7f78ab1df0",
          "version": "1.5.0"
        }
      }
    ]
  },
  "version": 1
}
